
Microsoft Visual Studio Solution File, Format Version 12.00
# Visual Studio Version 17
VisualStudioVersion = 17.5.33516.290
MinimumVisualStudioVersion = 10.0.40219.1
Project("{2150E333-8FDC-42A3-9474-1A3956D46DE8}") = "src", "src", "{098A792D-9AEC-4C32-A490-392C6BEB5458}"
EndProject
Project("{FAE04EC0-301F-11D3-BF4B-00C04F79EFBC}") = "LibraNet.BookCatalog.Domain", "src\LibraNet.BookCatalog.Domain\LibraNet.BookCatalog.Domain.csproj", "{D6193E5A-8C4A-4B99-B2F8-1AC8AF428FC0}"
EndProject
Project("{FAE04EC0-301F-11D3-BF4B-00C04F79EFBC}") = "LibraNet.BookCatalog.Bussiness", "src\LibraNet.BookCatalog.Bussiness\LibraNet.BookCatalog.Bussiness.csproj", "{A0EA14FC-D9B2-4AD4-9F93-A9A3B2D99093}"
EndProject
Project("{FAE04EC0-301F-11D3-BF4B-00C04F79EFBC}") = "LibraNet.BookCatalog.Infrastructure", "src\LibraNet.BookCatalog.Infrastructure\LibraNet.BookCatalog.Infrastructure.csproj", "{16F0D8AC-430E-4176-B561-7ED7D0B60EDB}"
EndProject
Project("{2150E333-8FDC-42A3-9474-1A3956D46DE8}") = "database", "database", "{BF75665E-5A51-4E74-8CF5-4C0ABD8E1E64}"
EndProject
Project("{FAE04EC0-301F-11D3-BF4B-00C04F79EFBC}") = "LibraNet.BookCatalog.Api", "src\LibraNet.BookCatalog.Api\LibraNet.BookCatalog.Api.csproj", "{3A8971B1-7E90-4297-8D90-43CB56033FF4}"
EndProject
Project("{00D1A9C2-B5F0-4AF3-8072-F6C62B433612}") = "LibraNet.BookCatalog.Database", "database\LibraNet.BookCatalog.Database.sqlproj", "{714CDDA4-0EBA-4798-8021-7B73167B8B79}"
EndProject
Global
	GlobalSection(SolutionConfigurationPlatforms) = preSolution
		Debug|Any CPU = Debug|Any CPU
		Release|Any CPU = Release|Any CPU
	EndGlobalSection
	GlobalSection(ProjectConfigurationPlatforms) = postSolution
		{D6193E5A-8C4A-4B99-B2F8-1AC8AF428FC0}.Debug|Any CPU.ActiveCfg = Debug|Any CPU
		{D6193E5A-8C4A-4B99-B2F8-1AC8AF428FC0}.Debug|Any CPU.Build.0 = Debug|Any CPU
		{D6193E5A-8C4A-4B99-B2F8-1AC8AF428FC0}.Release|Any CPU.ActiveCfg = Release|Any CPU
		{D6193E5A-8C4A-4B99-B2F8-1AC8AF428FC0}.Release|Any CPU.Build.0 = Release|Any CPU
		{A0EA14FC-D9B2-4AD4-9F93-A9A3B2D99093}.Debug|Any CPU.ActiveCfg = Debug|Any CPU
		{A0EA14FC-D9B2-4AD4-9F93-A9A3B2D99093}.Debug|Any CPU.Build.0 = Debug|Any CPU
		{A0EA14FC-D9B2-4AD4-9F93-A9A3B2D99093}.Release|Any CPU.ActiveCfg = Release|Any CPU
		{A0EA14FC-D9B2-4AD4-9F93-A9A3B2D99093}.Release|Any CPU.Build.0 = Release|Any CPU
		{16F0D8AC-430E-4176-B561-7ED7D0B60EDB}.Debug|Any CPU.ActiveCfg = Debug|Any CPU
		{16F0D8AC-430E-4176-B561-7ED7D0B60EDB}.Debug|Any CPU.Build.0 = Debug|Any CPU
		{16F0D8AC-430E-4176-B561-7ED7D0B60EDB}.Release|Any CPU.ActiveCfg = Release|Any CPU
		{16F0D8AC-430E-4176-B561-7ED7D0B60EDB}.Release|Any CPU.Build.0 = Release|Any CPU
		{3A8971B1-7E90-4297-8D90-43CB56033FF4}.Debug|Any CPU.ActiveCfg = Debug|Any CPU
		{3A8971B1-7E90-4297-8D90-43CB56033FF4}.Debug|Any CPU.Build.0 = Debug|Any CPU
		{3A8971B1-7E90-4297-8D90-43CB56033FF4}.Release|Any CPU.ActiveCfg = Release|Any CPU
		{3A8971B1-7E90-4297-8D90-43CB56033FF4}.Release|Any CPU.Build.0 = Release|Any CPU
		{714CDDA4-0EBA-4798-8021-7B73167B8B79}.Debug|Any CPU.ActiveCfg = Debug|Any CPU
		{714CDDA4-0EBA-4798-8021-7B73167B8B79}.Debug|Any CPU.Build.0 = Debug|Any CPU
		{714CDDA4-0EBA-4798-8021-7B73167B8B79}.Debug|Any CPU.Deploy.0 = Debug|Any CPU
		{714CDDA4-0EBA-4798-8021-7B73167B8B79}.Release|Any CPU.ActiveCfg = Release|Any CPU
		{714CDDA4-0EBA-4798-8021-7B73167B8B79}.Release|Any CPU.Build.0 = Release|Any CPU
		{714CDDA4-0EBA-4798-8021-7B73167B8B79}.Release|Any CPU.Deploy.0 = Release|Any CPU
	EndGlobalSection
	GlobalSection(SolutionProperties) = preSolution
		HideSolutionNode = FALSE
	EndGlobalSection
	GlobalSection(NestedProjects) = preSolution
		{D6193E5A-8C4A-4B99-B2F8-1AC8AF428FC0} = {098A792D-9AEC-4C32-A490-392C6BEB5458}
		{A0EA14FC-D9B2-4AD4-9F93-A9A3B2D99093} = {098A792D-9AEC-4C32-A490-392C6BEB5458}
		{16F0D8AC-430E-4176-B561-7ED7D0B60EDB} = {098A792D-9AEC-4C32-A490-392C6BEB5458}
		{3A8971B1-7E90-4297-8D90-43CB56033FF4} = {098A792D-9AEC-4C32-A490-392C6BEB5458}
		{714CDDA4-0EBA-4798-8021-7B73167B8B79} = {BF75665E-5A51-4E74-8CF5-4C0ABD8E1E64}
	EndGlobalSection
	GlobalSection(ExtensibilityGlobals) = postSolution
		SolutionGuid = {982489E2-920E-4D3D-8B61-C4CBCF97FD50}
	EndGlobalSection
EndGlobal
